
Microsoft Visual Studio Solution File, Format Version 12.00
# Visual Studio 2012
Project("{FAE04EC0-301F-11D3-BF4B-00C04F79EFBC}") = "SiteWithLogin", "SiteWithLogin\SiteWithLogin.csproj", "{ECF9D8E1-99B3-46F6-9DDA-DDC00EEB12FC}"
EndProject
Project("{FAE04EC0-301F-11D3-BF4B-00C04F79EFBC}") = "SiteWithLogin.Spec", "SiteWithLogin.Spec\SiteWithLogin.Spec.csproj", "{1B23C4BE-3D91-42EA-8D42-1FF9AE031B3F}"
EndProject
Global
	GlobalSection(SolutionConfigurationPlatforms) = preSolution
		Debug|Any CPU = Debug|Any CPU
		Release|Any CPU = Release|Any CPU
	EndGlobalSection
	GlobalSection(ProjectConfigurationPlatforms) = postSolution
		{ECF9D8E1-99B3-46F6-9DDA-DDC00EEB12FC}.Debug|Any CPU.ActiveCfg = Debug|Any CPU
		{ECF9D8E1-99B3-46F6-9DDA-DDC00EEB12FC}.Debug|Any CPU.Build.0 = Debug|Any CPU
		{ECF9D8E1-99B3-46F6-9DDA-DDC00EEB12FC}.Release|Any CPU.ActiveCfg = Release|Any CPU
		{ECF9D8E1-99B3-46F6-9DDA-DDC00EEB12FC}.Release|Any CPU.Build.0 = Release|Any CPU
		{1B23C4BE-3D91-42EA-8D42-1FF9AE031B3F}.Debug|Any CPU.ActiveCfg = Debug|Any CPU
		{1B23C4BE-3D91-42EA-8D42-1FF9AE031B3F}.Debug|Any CPU.Build.0 = Debug|Any CPU
		{1B23C4BE-3D91-42EA-8D42-1FF9AE031B3F}.Release|Any CPU.ActiveCfg = Release|Any CPU
		{1B23C4BE-3D91-42EA-8D42-1FF9AE031B3F}.Release|Any CPU.Build.0 = Release|Any CPU
	EndGlobalSection
	GlobalSection(SolutionProperties) = preSolution
		HideSolutionNode = FALSE
	EndGlobalSection
EndGlobal
